
Microsoft Visual Studio Solution File, Format Version 12.00
# Visual Studio Version 16
VisualStudioVersion = 16.0.31205.134
MinimumVisualStudioVersion = 10.0.40219.1
Project("{FAE04EC0-301F-11D3-BF4B-00C04F79EFBC}") = "Calculator", "Calculator\Calculator.csproj", "{DD68679F-6086-440F-A7F7-8EF62DE0FD3A}"
EndProject
Global
	GlobalSection(SolutionConfigurationPlatforms) = preSolution
		Debug|Any CPU = Debug|Any CPU
		Release|Any CPU = Release|Any CPU
	EndGlobalSection
	GlobalSection(ProjectConfigurationPlatforms) = postSolution
		{DD68679F-6086-440F-A7F7-8EF62DE0FD3A}.Debug|Any CPU.ActiveCfg = Debug|Any CPU
		{DD68679F-6086-440F-A7F7-8EF62DE0FD3A}.Debug|Any CPU.Build.0 = Debug|Any CPU
		{DD68679F-6086-440F-A7F7-8EF62DE0FD3A}.Release|Any CPU.ActiveCfg = Release|Any CPU
		{DD68679F-6086-440F-A7F7-8EF62DE0FD3A}.Release|Any CPU.Build.0 = Release|Any CPU
	EndGlobalSection
	GlobalSection(SolutionProperties) = preSolution
		HideSolutionNode = FALSE
	EndGlobalSection
	GlobalSection(ExtensibilityGlobals) = postSolution
		SolutionGuid = {E65BAA50-2A0E-4C7B-82E1-0B44663C9C6B}
	EndGlobalSection
EndGlobal
